{
    "_readme": [
        "This file locks the dependencies of your project to a known state",
        "Read more about it at https://getcomposer.org/doc/01-basic-usage.md#composer-lock-the-lock-file",
        "This file is @generated automatically"
    ],
    "content-hash": "376845036d3fcbcfe190201aa1b21972",
    "packages": [
        {
            "name": "Waitlisted/waitlisted-php",
            "version": "dev-master",
            "source": {
                "type": "git",
                "url": "https://github.com/Waitlisted/waitlisted-php.git",
                "reference": "2e0c6b94f3d5f4cb8075ba751cd30889f2ad32e7"
            },
            "require": {
                "ext-curl": "*",
                "ext-json": "*",
                "ext-mbstring": "*",
                "php": ">=5.4"
            },
            "require-dev": {
                "phpunit/phpunit": "~4.8",
                "satooshi/php-coveralls": "~1.0",
                "squizlabs/php_codesniffer": "~2.6"
            },
            "type": "library",
            "autoload": {
                "psr-4": {
                    "Waitlisted\\": "lib/"
                }
            },
            "autoload-dev": {
                "psr-4": {
                    "Waitlisted\\": "test/"
                }
            },
            "license": [
                "Apache v2"
            ],
            "authors": [
                {
                    "name": "Swagger and contributors",
                    "homepage": "https://github.com/swagger-api/swagger-codegen"
                }
            ],
            "homepage": "http://swagger.io",
            "keywords": [
                "api",
                "php",
                "sdk",
                "swagger"
            ],
            "time": "2017-02-08 19:09:51"
        }
    ],
    "packages-dev": [],
    "aliases": [],
    "minimum-stability": "stable",
    "stability-flags": {
        "waitlisted/waitlisted-php": 20
    },
    "prefer-stable": false,
    "prefer-lowest": false,
    "platform": [],
    "platform-dev": []
}
